// !$*UTF8*$!
{
	archiveVersion = 1;
	classes = {
	};
	objectVersion = 46;
	objects = {

/* Begin PBXBuildFile section */
		8C0042E31C91C16A007D4FEC /* RequestLog.swift in Sources */ = {isa = PBXBuildFile; fileRef = 8C0042E21C91C16A007D4FEC /* RequestLog.swift */; };
		8C027DAF1CCE637D008C8D00 /* VCAnimator.swift in Sources */ = {isa = PBXBuildFile; fileRef = 8C027DAE1CCE637D008C8D00 /* VCAnimator.swift */; };
		8C0A168E1CB4B00600C09BA9 /* UserRegisterViewController.swift in Sources */ = {isa = PBXBuildFile; fileRef = 8C0A168D1CB4B00600C09BA9 /* UserRegisterViewController.swift */; };
		8C0A16921CB4B76600C09BA9 /* UserSignUpViewController.swift in Sources */ = {isa = PBXBuildFile; fileRef = 8C0A16911CB4B76600C09BA9 /* UserSignUpViewController.swift */; };
		8C0A16961CB5744200C09BA9 /* UIViewExtensions.swift in Sources */ = {isa = PBXBuildFile; fileRef = 8C0A16951CB5744200C09BA9 /* UIViewExtensions.swift */; };
		8C0A169A1CB5ADFD00C09BA9 /* KeychainWrapper.m in Sources */ = {isa = PBXBuildFile; fileRef = 8C0A16991CB5ADFD00C09BA9 /* KeychainWrapper.m */; };
		8C0A169C1CB5E67300C09BA9 /* WelcomeViewController.swift in Sources */ = {isa = PBXBuildFile; fileRef = 8C0A169B1CB5E67300C09BA9 /* WelcomeViewController.swift */; };
		8C14A3AE1CE8313C00F531D8 /* SWRevealViewController.m in Sources */ = {isa = PBXBuildFile; fileRef = 8C14A3AD1CE8313C00F531D8 /* SWRevealViewController.m */; };
		8C14A3B01CE8387200F531D8 /* UserSettingsTableViewController.swift in Sources */ = {isa = PBXBuildFile; fileRef = 8C14A3AF1CE8387200F531D8 /* UserSettingsTableViewController.swift */; };
		8C633FAB1CC7396500431D24 /* WelcomePageViewController.swift in Sources */ = {isa = PBXBuildFile; fileRef = 8C633FAA1CC7396400431D24 /* WelcomePageViewController.swift */; };
		8C633FAD1CC73A9B00431D24 /* car-door-iphone.jpg in Resources */ = {isa = PBXBuildFile; fileRef = 8C633FAC1CC73A9B00431D24 /* car-door-iphone.jpg */; };
		8C633FAF1CC73B0100431D24 /* car-door-ipad.jpg in Resources */ = {isa = PBXBuildFile; fileRef = 8C633FAE1CC73B0100431D24 /* car-door-ipad.jpg */; };
		8CFEC6831C83B77300C07B76 /* AppDelegate.swift in Sources */ = {isa = PBXBuildFile; fileRef = 8CFEC6821C83B77300C07B76 /* AppDelegate.swift */; };
		8CFEC68A1C83B77400C07B76 /* Assets.xcassets in Resources */ = {isa = PBXBuildFile; fileRef = 8CFEC6891C83B77400C07B76 /* Assets.xcassets */; };
		8CFEC68D1C83B77400C07B76 /* LaunchScreen.storyboard in Resources */ = {isa = PBXBuildFile; fileRef = 8CFEC68B1C83B77400C07B76 /* LaunchScreen.storyboard */; };
		8CFEC6981C83B77500C07B76 /* Shuttle_ApplicationTests.swift in Sources */ = {isa = PBXBuildFile; fileRef = 8CFEC6971C83B77500C07B76 /* Shuttle_ApplicationTests.swift */; };
		8CFEC6A31C83B77500C07B76 /* Shuttle_ApplicationUITests.swift in Sources */ = {isa = PBXBuildFile; fileRef = 8CFEC6A21C83B77500C07B76 /* Shuttle_ApplicationUITests.swift */; };
		8CFEC6B11C83B9ED00C07B76 /* MapViewController.swift in Sources */ = {isa = PBXBuildFile; fileRef = 8CFEC6B01C83B9ED00C07B76 /* MapViewController.swift */; };
		8CFEC6B31C83C09200C07B76 /* StopRequest.swift in Sources */ = {isa = PBXBuildFile; fileRef = 8CFEC6B21C83C09200C07B76 /* StopRequest.swift */; };
		8CFEC6B51C8402FE00C07B76 /* RouteCoord.plist in Resources */ = {isa = PBXBuildFile; fileRef = 8CFEC6B41C8402FE00C07B76 /* RouteCoord.plist */; };
		8CFEC6B71C84A10100C07B76 /* RoutePath.plist in Resources */ = {isa = PBXBuildFile; fileRef = 8CFEC6B61C84A10100C07B76 /* RoutePath.plist */; };
		D05CD2261CC4290400A3FAC4 /* DriverLoginViewController.swift in Sources */ = {isa = PBXBuildFile; fileRef = D05CD2241CC4290400A3FAC4 /* DriverLoginViewController.swift */; };
		D05CD22A1CC4293400A3FAC4 /* DriverSignUpViewController.swift in Sources */ = {isa = PBXBuildFile; fileRef = D05CD2281CC4293400A3FAC4 /* DriverSignUpViewController.swift */; };
		D05CD22E1CC43BD400A3FAC4 /* DriverMapViewController.swift in Sources */ = {isa = PBXBuildFile; fileRef = D05CD22C1CC43BD400A3FAC4 /* DriverMapViewController.swift */; };
		D05CD22F1CC43BD400A3FAC4 /* DriverMapViewController.xib in Resources */ = {isa = PBXBuildFile; fileRef = D05CD22D1CC43BD400A3FAC4 /* DriverMapViewController.xib */; };
		D071C3711CB4581500457514 /* UserLoginViewController.swift in Sources */ = {isa = PBXBuildFile; fileRef = D071C36F1CB4581500457514 /* UserLoginViewController.swift */; };
		D071C37C1CB46A2F00457514 /* AudioToolbox.framework in Frameworks */ = {isa = PBXBuildFile; fileRef = D071C37B1CB46A2F00457514 /* AudioToolbox.framework */; };
		D071C37E1CB46A3800457514 /* CFNetwork.framework in Frameworks */ = {isa = PBXBuildFile; fileRef = D071C37D1CB46A3800457514 /* CFNetwork.framework */; };
		D071C3801CB46A4100457514 /* CoreGraphics.framework in Frameworks */ = {isa = PBXBuildFile; fileRef = D071C37F1CB46A4100457514 /* CoreGraphics.framework */; };
		D071C3821CB46A4A00457514 /* CoreLocation.framework in Frameworks */ = {isa = PBXBuildFile; fileRef = D071C3811CB46A4A00457514 /* CoreLocation.framework */; };
		D071C3841CB46A5300457514 /* QuartzCore.framework in Frameworks */ = {isa = PBXBuildFile; fileRef = D071C3831CB46A5300457514 /* QuartzCore.framework */; };
		D071C3861CB46A5A00457514 /* Security.framework in Frameworks */ = {isa = PBXBuildFile; fileRef = D071C3851CB46A5A00457514 /* Security.framework */; };
		D071C3881CB46A6100457514 /* StoreKit.framework in Frameworks */ = {isa = PBXBuildFile; fileRef = D071C3871CB46A6100457514 /* StoreKit.framework */; };
		D071C38A1CB46A6A00457514 /* SystemConfiguration.framework in Frameworks */ = {isa = PBXBuildFile; fileRef = D071C3891CB46A6A00457514 /* SystemConfiguration.framework */; };
		D071C38C1CB46A7200457514 /* libz.tbd in Frameworks */ = {isa = PBXBuildFile; fileRef = D071C38B1CB46A7200457514 /* libz.tbd */; };
		D071C38E1CB46A7D00457514 /* libsqlite3.tbd in Frameworks */ = {isa = PBXBuildFile; fileRef = D071C38D1CB46A7D00457514 /* libsqlite3.tbd */; };
		D071C3911CB46ADE00457514 /* Bolts.framework in Frameworks */ = {isa = PBXBuildFile; fileRef = D071C38F1CB46ADE00457514 /* Bolts.framework */; };
		D071C3921CB46ADE00457514 /* Parse.framework in Frameworks */ = {isa = PBXBuildFile; fileRef = D071C3901CB46ADE00457514 /* Parse.framework */; };
		D071C3951CB699BC00457514 /* DriverRegisterViewController.swift in Sources */ = {isa = PBXBuildFile; fileRef = D071C3931CB699BC00457514 /* DriverRegisterViewController.swift */; };
		D0968ADA1D05F0C000A73B1B /* PickupLocationTableViewController.swift in Sources */ = {isa = PBXBuildFile; fileRef = D0968AD91D05F0C000A73B1B /* PickupLocationTableViewController.swift */; };
		D0968ADC1D0603C700A73B1B /* PickupLocation.swift in Sources */ = {isa = PBXBuildFile; fileRef = D0968ADB1D0603C600A73B1B /* PickupLocation.swift */; };
/* End PBXBuildFile section */

/* Begin PBXContainerItemProxy section */
		8CFEC6941C83B77500C07B76 /* PBXContainerItemProxy */ = {
			isa = PBXContainerItemProxy;
			containerPortal = 8CFEC6771C83B77200C07B76 /* Project object */;
			proxyType = 1;
			remoteGlobalIDString = 8CFEC67E1C83B77200C07B76;
			remoteInfo = Shuttle_Application;
		};
		8CFEC69F1C83B77500C07B76 /* PBXContainerItemProxy */ = {
			isa = PBXContainerItemProxy;
			containerPortal = 8CFEC6771C83B77200C07B76 /* Project object */;
			proxyType = 1;
			remoteGlobalIDString = 8CFEC67E1C83B77200C07B76;
			remoteInfo = Shuttle_Application;
		};
/* End PBXContainerItemProxy section */

/* Begin PBXFileReference section */
		8C0042E21C91C16A007D4FEC /* RequestLog.swift */ = {isa = PBXFileReference; fileEncoding = 4; lastKnownFileType = sourcecode.swift; path = RequestLog.swift; sourceTree = "<group>"; };
		8C027DAE1CCE637D008C8D00 /* VCAnimator.swift */ = {isa = PBXFileReference; fileEncoding = 4; lastKnownFileType = sourcecode.swift; path = VCAnimator.swift; sourceTree = "<group>"; };
		8C0A168D1CB4B00600C09BA9 /* UserRegisterViewController.swift */ = {isa = PBXFileReference; fileEncoding = 4; lastKnownFileType = sourcecode.swift; path = UserRegisterViewController.swift; sourceTree = "<group>"; };
		8C0A16911CB4B76600C09BA9 /* UserSignUpViewController.swift */ = {isa = PBXFileReference; fileEncoding = 4; lastKnownFileType = sourcecode.swift; path = UserSignUpViewController.swift; sourceTree = "<group>"; };
		8C0A16951CB5744200C09BA9 /* UIViewExtensions.swift */ = {isa = PBXFileReference; fileEncoding = 4; lastKnownFileType = sourcecode.swift; path = UIViewExtensions.swift; sourceTree = "<group>"; };
		8C0A16971CB5ADFC00C09BA9 /* Shuttle_Application-Bridging-Header.h */ = {isa = PBXFileReference; lastKnownFileType = sourcecode.c.h; path = "Shuttle_Application-Bridging-Header.h"; sourceTree = "<group>"; };
		8C0A16981CB5ADFD00C09BA9 /* KeychainWrapper.h */ = {isa = PBXFileReference; fileEncoding = 4; lastKnownFileType = sourcecode.c.h; path = KeychainWrapper.h; sourceTree = "<group>"; };
		8C0A16991CB5ADFD00C09BA9 /* KeychainWrapper.m */ = {isa = PBXFileReference; fileEncoding = 4; lastKnownFileType = sourcecode.c.objc; path = KeychainWrapper.m; sourceTree = "<group>"; };
		8C0A169B1CB5E67300C09BA9 /* WelcomeViewController.swift */ = {isa = PBXFileReference; fileEncoding = 4; lastKnownFileType = sourcecode.swift; path = WelcomeViewController.swift; sourceTree = "<group>"; };
		8C14A3AC1CE8313C00F531D8 /* SWRevealViewController.h */ = {isa = PBXFileReference; fileEncoding = 4; lastKnownFileType = sourcecode.c.h; path = SWRevealViewController.h; sourceTree = "<group>"; };
		8C14A3AD1CE8313C00F531D8 /* SWRevealViewController.m */ = {isa = PBXFileReference; fileEncoding = 4; lastKnownFileType = sourcecode.c.objc; path = SWRevealViewController.m; sourceTree = "<group>"; };
		8C14A3AF1CE8387200F531D8 /* UserSettingsTableViewController.swift */ = {isa = PBXFileReference; fileEncoding = 4; lastKnownFileType = sourcecode.swift; path = UserSettingsTableViewController.swift; sourceTree = "<group>"; };
		8C633FAA1CC7396400431D24 /* WelcomePageViewController.swift */ = {isa = PBXFileReference; fileEncoding = 4; lastKnownFileType = sourcecode.swift; path = WelcomePageViewController.swift; sourceTree = "<group>"; };
		8C633FAC1CC73A9B00431D24 /* car-door-iphone.jpg */ = {isa = PBXFileReference; lastKnownFileType = image.jpeg; path = "car-door-iphone.jpg"; sourceTree = "<group>"; };
		8C633FAE1CC73B0100431D24 /* car-door-ipad.jpg */ = {isa = PBXFileReference; lastKnownFileType = image.jpeg; path = "car-door-ipad.jpg"; sourceTree = "<group>"; };
		8CFEC67F1C83B77200C07B76 /* Shuttle_Application.app */ = {isa = PBXFileReference; explicitFileType = wrapper.application; includeInIndex = 0; path = Shuttle_Application.app; sourceTree = BUILT_PRODUCTS_DIR; };
		8CFEC6821C83B77300C07B76 /* AppDelegate.swift */ = {isa = PBXFileReference; lastKnownFileType = sourcecode.swift; path = AppDelegate.swift; sourceTree = "<group>"; };
		8CFEC6891C83B77400C07B76 /* Assets.xcassets */ = {isa = PBXFileReference; lastKnownFileType = folder.assetcatalog; path = Assets.xcassets; sourceTree = "<group>"; };
		8CFEC68C1C83B77400C07B76 /* Base */ = {isa = PBXFileReference; lastKnownFileType = file.storyboard; name = Base; path = Base.lproj/LaunchScreen.storyboard; sourceTree = "<group>"; };
		8CFEC68E1C83B77400C07B76 /* Info.plist */ = {isa = PBXFileReference; lastKnownFileType = text.plist.xml; path = Info.plist; sourceTree = "<group>"; };
		8CFEC6931C83B77500C07B76 /* Shuttle_ApplicationTests.xctest */ = {isa = PBXFileReference; explicitFileType = wrapper.cfbundle; includeInIndex = 0; path = Shuttle_ApplicationTests.xctest; sourceTree = BUILT_PRODUCTS_DIR; };
		8CFEC6971C83B77500C07B76 /* Shuttle_ApplicationTests.swift */ = {isa = PBXFileReference; lastKnownFileType = sourcecode.swift; path = Shuttle_ApplicationTests.swift; sourceTree = "<group>"; };
		8CFEC6991C83B77500C07B76 /* Info.plist */ = {isa = PBXFileReference; lastKnownFileType = text.plist.xml; path = Info.plist; sourceTree = "<group>"; };
		8CFEC69E1C83B77500C07B76 /* Shuttle_ApplicationUITests.xctest */ = {isa = PBXFileReference; explicitFileType = wrapper.cfbundle; includeInIndex = 0; path = Shuttle_ApplicationUITests.xctest; sourceTree = BUILT_PRODUCTS_DIR; };
		8CFEC6A21C83B77500C07B76 /* Shuttle_ApplicationUITests.swift */ = {isa = PBXFileReference; lastKnownFileType = sourcecode.swift; path = Shuttle_ApplicationUITests.swift; sourceTree = "<group>"; };
		8CFEC6A41C83B77500C07B76 /* Info.plist */ = {isa = PBXFileReference; lastKnownFileType = text.plist.xml; path = Info.plist; sourceTree = "<group>"; };
		8CFEC6B01C83B9ED00C07B76 /* MapViewController.swift */ = {isa = PBXFileReference; fileEncoding = 4; lastKnownFileType = sourcecode.swift; path = MapViewController.swift; sourceTree = "<group>"; };
		8CFEC6B21C83C09200C07B76 /* StopRequest.swift */ = {isa = PBXFileReference; fileEncoding = 4; lastKnownFileType = sourcecode.swift; path = StopRequest.swift; sourceTree = "<group>"; };
		8CFEC6B41C8402FE00C07B76 /* RouteCoord.plist */ = {isa = PBXFileReference; fileEncoding = 4; lastKnownFileType = text.plist.xml; path = RouteCoord.plist; sourceTree = "<group>"; };
		8CFEC6B61C84A10100C07B76 /* RoutePath.plist */ = {isa = PBXFileReference; fileEncoding = 4; lastKnownFileType = text.plist.xml; path = RoutePath.plist; sourceTree = "<group>"; };
		D05CD2241CC4290400A3FAC4 /* DriverLoginViewController.swift */ = {isa = PBXFileReference; fileEncoding = 4; lastKnownFileType = sourcecode.swift; path = DriverLoginViewController.swift; sourceTree = "<group>"; };
		D05CD2281CC4293400A3FAC4 /* DriverSignUpViewController.swift */ = {isa = PBXFileReference; fileEncoding = 4; lastKnownFileType = sourcecode.swift; path = DriverSignUpViewController.swift; sourceTree = "<group>"; };
		D05CD22C1CC43BD400A3FAC4 /* DriverMapViewController.swift */ = {isa = PBXFileReference; fileEncoding = 4; lastKnownFileType = sourcecode.swift; path = DriverMapViewController.swift; sourceTree = "<group>"; };
		D05CD22D1CC43BD400A3FAC4 /* DriverMapViewController.xib */ = {isa = PBXFileReference; fileEncoding = 4; lastKnownFileType = file.xib; path = DriverMapViewController.xib; sourceTree = "<group>"; };
		D071C36F1CB4581500457514 /* UserLoginViewController.swift */ = {isa = PBXFileReference; fileEncoding = 4; lastKnownFileType = sourcecode.swift; path = UserLoginViewController.swift; sourceTree = "<group>"; };
		D071C37B1CB46A2F00457514 /* AudioToolbox.framework */ = {isa = PBXFileReference; lastKnownFileType = wrapper.framework; name = AudioToolbox.framework; path = System/Library/Frameworks/AudioToolbox.framework; sourceTree = SDKROOT; };
		D071C37D1CB46A3800457514 /* CFNetwork.framework */ = {isa = PBXFileReference; lastKnownFileType = wrapper.framework; name = CFNetwork.framework; path = System/Library/Frameworks/CFNetwork.framework; sourceTree = SDKROOT; };
		D071C37F1CB46A4100457514 /* CoreGraphics.framework */ = {isa = PBXFileReference; lastKnownFileType = wrapper.framework; name = CoreGraphics.framework; path = System/Library/Frameworks/CoreGraphics.framework; sourceTree = SDKROOT; };
		D071C3811CB46A4A00457514 /* CoreLocation.framework */ = {isa = PBXFileReference; lastKnownFileType = wrapper.framework; name = CoreLocation.framework; path = System/Library/Frameworks/CoreLocation.framework; sourceTree = SDKROOT; };
		D071C3831CB46A5300457514 /* QuartzCore.framework */ = {isa = PBXFileReference; lastKnownFileType = wrapper.framework; name = QuartzCore.framework; path = System/Library/Frameworks/QuartzCore.framework; sourceTree = SDKROOT; };
		D071C3851CB46A5A00457514 /* Security.framework */ = {isa = PBXFileReference; lastKnownFileType = wrapper.framework; name = Security.framework; path = System/Library/Frameworks/Security.framework; sourceTree = SDKROOT; };
		D071C3871CB46A6100457514 /* StoreKit.framework */ = {isa = PBXFileReference; lastKnownFileType = wrapper.framework; name = StoreKit.framework; path = System/Library/Frameworks/StoreKit.framework; sourceTree = SDKROOT; };
		D071C3891CB46A6A00457514 /* SystemConfiguration.framework */ = {isa = PBXFileReference; lastKnownFileType = wrapper.framework; name = SystemConfiguration.framework; path = System/Library/Frameworks/SystemConfiguration.framework; sourceTree = SDKROOT; };
		D071C38B1CB46A7200457514 /* libz.tbd */ = {isa = PBXFileReference; lastKnownFileType = "sourcecode.text-based-dylib-definition"; name = libz.tbd; path = usr/lib/libz.tbd; sourceTree = SDKROOT; };
		D071C38D1CB46A7D00457514 /* libsqlite3.tbd */ = {isa = PBXFileReference; lastKnownFileType = "sourcecode.text-based-dylib-definition"; name = libsqlite3.tbd; path = usr/lib/libsqlite3.tbd; sourceTree = SDKROOT; };
		D071C38F1CB46ADE00457514 /* Bolts.framework */ = {isa = PBXFileReference; lastKnownFileType = wrapper.framework; name = Bolts.framework; path = "../../Frameworks/parse-library-1.12.0/Bolts.framework"; sourceTree = "<group>"; };
		D071C3901CB46ADE00457514 /* Parse.framework */ = {isa = PBXFileReference; lastKnownFileType = wrapper.framework; name = Parse.framework; path = "../../Frameworks/parse-library-1.12.0/Parse.framework"; sourceTree = "<group>"; };
		D071C3931CB699BC00457514 /* DriverRegisterViewController.swift */ = {isa = PBXFileReference; fileEncoding = 4; lastKnownFileType = sourcecode.swift; path = DriverRegisterViewController.swift; sourceTree = "<group>"; };
		D0968AD91D05F0C000A73B1B /* PickupLocationTableViewController.swift */ = {isa = PBXFileReference; fileEncoding = 4; lastKnownFileType = sourcecode.swift; name = PickupLocationTableViewController.swift; path = ../PickupLocationTableViewController.swift; sourceTree = "<group>"; };
		D0968ADB1D0603C600A73B1B /* PickupLocation.swift */ = {isa = PBXFileReference; fileEncoding = 4; lastKnownFileType = sourcecode.swift; path = PickupLocation.swift; sourceTree = "<group>"; };
/* End PBXFileReference section */

/* Begin PBXFrameworksBuildPhase section */
		8CFEC67C1C83B77200C07B76 /* Frameworks */ = {
			isa = PBXFrameworksBuildPhase;
			buildActionMask = 2147483647;
			files = (
				D071C38E1CB46A7D00457514 /* libsqlite3.tbd in Frameworks */,
				D071C38C1CB46A7200457514 /* libz.tbd in Frameworks */,
				D071C38A1CB46A6A00457514 /* SystemConfiguration.framework in Frameworks */,
				D071C3881CB46A6100457514 /* StoreKit.framework in Frameworks */,
				D071C3861CB46A5A00457514 /* Security.framework in Frameworks */,
				D071C3841CB46A5300457514 /* QuartzCore.framework in Frameworks */,
				D071C3821CB46A4A00457514 /* CoreLocation.framework in Frameworks */,
				D071C3801CB46A4100457514 /* CoreGraphics.framework in Frameworks */,
				D071C3911CB46ADE00457514 /* Bolts.framework in Frameworks */,
				D071C37E1CB46A3800457514 /* CFNetwork.framework in Frameworks */,
				D071C3921CB46ADE00457514 /* Parse.framework in Frameworks */,
				D071C37C1CB46A2F00457514 /* AudioToolbox.framework in Frameworks */,
			);
			runOnlyForDeploymentPostprocessing = 0;
		};
		8CFEC6901C83B77500C07B76 /* Frameworks */ = {
			isa = PBXFrameworksBuildPhase;
			buildActionMask = 2147483647;
			files = (
			);
			runOnlyForDeploymentPostprocessing = 0;
		};
		8CFEC69B1C83B77500C07B76 /* Frameworks */ = {
			isa = PBXFrameworksBuildPhase;
			buildActionMask = 2147483647;
			files = (
			);
			runOnlyForDeploymentPostprocessing = 0;
		};
/* End PBXFrameworksBuildPhase section */

/* Begin PBXGroup section */
		8CFEC6761C83B77200C07B76 = {
			isa = PBXGroup;
			children = (
				8C633FAC1CC73A9B00431D24 /* car-door-iphone.jpg */,
				8C633FAE1CC73B0100431D24 /* car-door-ipad.jpg */,
				D071C38D1CB46A7D00457514 /* libsqlite3.tbd */,
				D071C38B1CB46A7200457514 /* libz.tbd */,
				D071C38F1CB46ADE00457514 /* Bolts.framework */,
				D071C3901CB46ADE00457514 /* Parse.framework */,
				D071C3891CB46A6A00457514 /* SystemConfiguration.framework */,
				D071C3871CB46A6100457514 /* StoreKit.framework */,
				D071C3851CB46A5A00457514 /* Security.framework */,
				D071C3831CB46A5300457514 /* QuartzCore.framework */,
				D071C3811CB46A4A00457514 /* CoreLocation.framework */,
				D071C37F1CB46A4100457514 /* CoreGraphics.framework */,
				D071C37D1CB46A3800457514 /* CFNetwork.framework */,
				D071C37B1CB46A2F00457514 /* AudioToolbox.framework */,
				8CFEC6811C83B77200C07B76 /* Shuttle_Application */,
				8CFEC6961C83B77500C07B76 /* Shuttle_ApplicationTests */,
				8CFEC6A11C83B77500C07B76 /* Shuttle_ApplicationUITests */,
				8CFEC6801C83B77200C07B76 /* Products */,
			);
			sourceTree = "<group>";
		};
		8CFEC6801C83B77200C07B76 /* Products */ = {
			isa = PBXGroup;
			children = (
				8CFEC67F1C83B77200C07B76 /* Shuttle_Application.app */,
				8CFEC6931C83B77500C07B76 /* Shuttle_ApplicationTests.xctest */,
				8CFEC69E1C83B77500C07B76 /* Shuttle_ApplicationUITests.xctest */,
			);
			name = Products;
			sourceTree = "<group>";
		};
		8CFEC6811C83B77200C07B76 /* Shuttle_Application */ = {
			isa = PBXGroup;
			children = (
				8CFEC6821C83B77300C07B76 /* AppDelegate.swift */,
				D0968AD91D05F0C000A73B1B /* PickupLocationTableViewController.swift */,
				8CFEC6891C83B77400C07B76 /* Assets.xcassets */,
				D05CD2241CC4290400A3FAC4 /* DriverLoginViewController.swift */,
				D05CD22C1CC43BD400A3FAC4 /* DriverMapViewController.swift */,
				D05CD22D1CC43BD400A3FAC4 /* DriverMapViewController.xib */,
				D071C3931CB699BC00457514 /* DriverRegisterViewController.swift */,
				D05CD2281CC4293400A3FAC4 /* DriverSignUpViewController.swift */,
				8CFEC68E1C83B77400C07B76 /* Info.plist */,
				8C0A16981CB5ADFD00C09BA9 /* KeychainWrapper.h */,
				8C0A16991CB5ADFD00C09BA9 /* KeychainWrapper.m */,
				8CFEC68B1C83B77400C07B76 /* LaunchScreen.storyboard */,
				8CFEC6B01C83B9ED00C07B76 /* MapViewController.swift */,
				8C0042E21C91C16A007D4FEC /* RequestLog.swift */,
				8CFEC6B41C8402FE00C07B76 /* RouteCoord.plist */,
				8CFEC6B61C84A10100C07B76 /* RoutePath.plist */,
				8C0A16971CB5ADFC00C09BA9 /* Shuttle_Application-Bridging-Header.h */,
				D0968ADB1D0603C600A73B1B /* PickupLocation.swift */,
				8CFEC6B21C83C09200C07B76 /* StopRequest.swift */,
				8C14A3AC1CE8313C00F531D8 /* SWRevealViewController.h */,
				8C14A3AD1CE8313C00F531D8 /* SWRevealViewController.m */,
				8C0A16951CB5744200C09BA9 /* UIViewExtensions.swift */,
				D071C36F1CB4581500457514 /* UserLoginViewController.swift */,
				8C0A168D1CB4B00600C09BA9 /* UserRegisterViewController.swift */,
				8C14A3AF1CE8387200F531D8 /* UserSettingsTableViewController.swift */,
				8C0A16911CB4B76600C09BA9 /* UserSignUpViewController.swift */,
				8C027DAE1CCE637D008C8D00 /* VCAnimator.swift */,
				8C633FAA1CC7396400431D24 /* WelcomePageViewController.swift */,
				8C0A169B1CB5E67300C09BA9 /* WelcomeViewController.swift */,
			);
			path = Shuttle_Application;
			sourceTree = "<group>";
		};
		8CFEC6961C83B77500C07B76 /* Shuttle_ApplicationTests */ = {
			isa = PBXGroup;
			children = (
				8CFEC6971C83B77500C07B76 /* Shuttle_ApplicationTests.swift */,
				8CFEC6991C83B77500C07B76 /* Info.plist */,
			);
			path = Shuttle_ApplicationTests;
			sourceTree = "<group>";
		};
		8CFEC6A11C83B77500C07B76 /* Shuttle_ApplicationUITests */ = {
			isa = PBXGroup;
			children = (
				8CFEC6A21C83B77500C07B76 /* Shuttle_ApplicationUITests.swift */,
				8CFEC6A41C83B77500C07B76 /* Info.plist */,
			);
			path = Shuttle_ApplicationUITests;
			sourceTree = "<group>";
		};
/* End PBXGroup section */

/* Begin PBXNativeTarget section */
		8CFEC67E1C83B77200C07B76 /* Shuttle_Application */ = {
			isa = PBXNativeTarget;
			buildConfigurationList = 8CFEC6A71C83B77500C07B76 /* Build configuration list for PBXNativeTarget "Shuttle_Application" */;
			buildPhases = (
				8CFEC67B1C83B77200C07B76 /* Sources */,
				8CFEC67C1C83B77200C07B76 /* Frameworks */,
				8CFEC67D1C83B77200C07B76 /* Resources */,
			);
			buildRules = (
			);
			dependencies = (
			);
			name = Shuttle_Application;
			productName = Shuttle_Application;
			productReference = 8CFEC67F1C83B77200C07B76 /* Shuttle_Application.app */;
			productType = "com.apple.product-type.application";
		};
		8CFEC6921C83B77500C07B76 /* Shuttle_ApplicationTests */ = {
			isa = PBXNativeTarget;
			buildConfigurationList = 8CFEC6AA1C83B77500C07B76 /* Build configuration list for PBXNativeTarget "Shuttle_ApplicationTests" */;
			buildPhases = (
				8CFEC68F1C83B77500C07B76 /* Sources */,
				8CFEC6901C83B77500C07B76 /* Frameworks */,
				8CFEC6911C83B77500C07B76 /* Resources */,
			);
			buildRules = (
			);
			dependencies = (
				8CFEC6951C83B77500C07B76 /* PBXTargetDependency */,
			);
			name = Shuttle_ApplicationTests;
			productName = Shuttle_ApplicationTests;
			productReference = 8CFEC6931C83B77500C07B76 /* Shuttle_ApplicationTests.xctest */;
			productType = "com.apple.product-type.bundle.unit-test";
		};
		8CFEC69D1C83B77500C07B76 /* Shuttle_ApplicationUITests */ = {
			isa = PBXNativeTarget;
			buildConfigurationList = 8CFEC6AD1C83B77500C07B76 /* Build configuration list for PBXNativeTarget "Shuttle_ApplicationUITests" */;
			buildPhases = (
				8CFEC69A1C83B77500C07B76 /* Sources */,
				8CFEC69B1C83B77500C07B76 /* Frameworks */,
				8CFEC69C1C83B77500C07B76 /* Resources */,
			);
			buildRules = (
			);
			dependencies = (
				8CFEC6A01C83B77500C07B76 /* PBXTargetDependency */,
			);
			name = Shuttle_ApplicationUITests;
			productName = Shuttle_ApplicationUITests;
			productReference = 8CFEC69E1C83B77500C07B76 /* Shuttle_ApplicationUITests.xctest */;
			productType = "com.apple.product-type.bundle.ui-testing";
		};
/* End PBXNativeTarget section */

/* Begin PBXProject section */
		8CFEC6771C83B77200C07B76 /* Project object */ = {
			isa = PBXProject;
			attributes = {
				LastSwiftUpdateCheck = 0720;
				LastUpgradeCheck = 0720;
				TargetAttributes = {
					8CFEC67E1C83B77200C07B76 = {
						CreatedOnToolsVersion = 7.2.1;
						DevelopmentTeam = FTE8QD3873;
						SystemCapabilities = {
							com.apple.Push = {
								enabled = 1;
							};
						};
					};
					8CFEC6921C83B77500C07B76 = {
						CreatedOnToolsVersion = 7.2.1;
						TestTargetID = 8CFEC67E1C83B77200C07B76;
					};
					8CFEC69D1C83B77500C07B76 = {
						CreatedOnToolsVersion = 7.2.1;
						TestTargetID = 8CFEC67E1C83B77200C07B76;
					};
				};
			};
			buildConfigurationList = 8CFEC67A1C83B77200C07B76 /* Build configuration list for PBXProject "Shuttle_Application" */;
			compatibilityVersion = "Xcode 3.2";
			developmentRegion = English;
			hasScannedForEncodings = 0;
			knownRegions = (
				en,
				Base,
			);
			mainGroup = 8CFEC6761C83B77200C07B76;
			productRefGroup = 8CFEC6801C83B77200C07B76 /* Products */;
			projectDirPath = "";
			projectRoot = "";
			targets = (
				8CFEC67E1C83B77200C07B76 /* Shuttle_Application */,
				8CFEC6921C83B77500C07B76 /* Shuttle_ApplicationTests */,
				8CFEC69D1C83B77500C07B76 /* Shuttle_ApplicationUITests */,
			);
		};
/* End PBXProject section */

/* Begin PBXResourcesBuildPhase section */
		8CFEC67D1C83B77200C07B76 /* Resources */ = {
			isa = PBXResourcesBuildPhase;
			buildActionMask = 2147483647;
			files = (
				8C633FAD1CC73A9B00431D24 /* car-door-iphone.jpg in Resources */,
				8CFEC6B51C8402FE00C07B76 /* RouteCoord.plist in Resources */,
				D05CD22F1CC43BD400A3FAC4 /* DriverMapViewController.xib in Resources */,
				8CFEC6B71C84A10100C07B76 /* RoutePath.plist in Resources */,
				8CFEC68D1C83B77400C07B76 /* LaunchScreen.storyboard in Resources */,
				8C633FAF1CC73B0100431D24 /* car-door-ipad.jpg in Resources */,
				8CFEC68A1C83B77400C07B76 /* Assets.xcassets in Resources */,
			);
			runOnlyForDeploymentPostprocessing = 0;
		};
		8CFEC6911C83B77500C07B76 /* Resources */ = {
			isa = PBXResourcesBuildPhase;
			buildActionMask = 2147483647;
			files = (
			);
			runOnlyForDeploymentPostprocessing = 0;
		};
		8CFEC69C1C83B77500C07B76 /* Resources */ = {
			isa = PBXResourcesBuildPhase;
			buildActionMask = 2147483647;
			files = (
			);
			runOnlyForDeploymentPostprocessing = 0;
		};
/* End PBXResourcesBuildPhase section */

/* Begin PBXSourcesBuildPhase section */
		8CFEC67B1C83B77200C07B76 /* Sources */ = {
			isa = PBXSourcesBuildPhase;
			buildActionMask = 2147483647;
			files = (
				D0968ADC1D0603C700A73B1B /* PickupLocation.swift in Sources */,
				8C0A16961CB5744200C09BA9 /* UIViewExtensions.swift in Sources */,
				8C0A168E1CB4B00600C09BA9 /* UserRegisterViewController.swift in Sources */,
				D071C3711CB4581500457514 /* UserLoginViewController.swift in Sources */,
				8C027DAF1CCE637D008C8D00 /* VCAnimator.swift in Sources */,
				8CFEC6831C83B77300C07B76 /* AppDelegate.swift in Sources */,
				8C633FAB1CC7396500431D24 /* WelcomePageViewController.swift in Sources */,
				D05CD2261CC4290400A3FAC4 /* DriverLoginViewController.swift in Sources */,
				8CFEC6B11C83B9ED00C07B76 /* MapViewController.swift in Sources */,
				8C0A169C1CB5E67300C09BA9 /* WelcomeViewController.swift in Sources */,
				8C14A3B01CE8387200F531D8 /* UserSettingsTableViewController.swift in Sources */,
				D05CD22A1CC4293400A3FAC4 /* DriverSignUpViewController.swift in Sources */,
				D071C3951CB699BC00457514 /* DriverRegisterViewController.swift in Sources */,
				8C14A3AE1CE8313C00F531D8 /* SWRevealViewController.m in Sources */,
				8C0042E31C91C16A007D4FEC /* RequestLog.swift in Sources */,
				8CFEC6B31C83C09200C07B76 /* StopRequest.swift in Sources */,
				8C0A169A1CB5ADFD00C09BA9 /* KeychainWrapper.m in Sources */,
				8C0A16921CB4B76600C09BA9 /* UserSignUpViewController.swift in Sources */,
				D0968ADA1D05F0C000A73B1B /* PickupLocationTableViewController.swift in Sources */,
				D05CD22E1CC43BD400A3FAC4 /* DriverMapViewController.swift in Sources */,
			);
			runOnlyForDeploymentPostprocessing = 0;
		};
		8CFEC68F1C83B77500C07B76 /* Sources */ = {
			isa = PBXSourcesBuildPhase;
			buildActionMask = 2147483647;
			files = (
				8CFEC6981C83B77500C07B76 /* Shuttle_ApplicationTests.swift in Sources */,
			);
			runOnlyForDeploymentPostprocessing = 0;
		};
		8CFEC69A1C83B77500C07B76 /* Sources */ = {
			isa = PBXSourcesBuildPhase;
			buildActionMask = 2147483647;
			files = (
				8CFEC6A31C83B77500C07B76 /* Shuttle_ApplicationUITests.swift in Sources */,
			);
			runOnlyForDeploymentPostprocessing = 0;
		};
/* End PBXSourcesBuildPhase section */

/* Begin PBXTargetDependency section */
		8CFEC6951C83B77500C07B76 /* PBXTargetDependency */ = {
			isa = PBXTargetDependency;
			target = 8CFEC67E1C83B77200C07B76 /* Shuttle_Application */;
			targetProxy = 8CFEC6941C83B77500C07B76 /* PBXContainerItemProxy */;
		};
		8CFEC6A01C83B77500C07B76 /* PBXTargetDependency */ = {
			isa = PBXTargetDependency;
			target = 8CFEC67E1C83B77200C07B76 /* Shuttle_Application */;
			targetProxy = 8CFEC69F1C83B77500C07B76 /* PBXContainerItemProxy */;
		};
/* End PBXTargetDependency section */

/* Begin PBXVariantGroup section */
		8CFEC68B1C83B77400C07B76 /* LaunchScreen.storyboard */ = {
			isa = PBXVariantGroup;
			children = (
				8CFEC68C1C83B77400C07B76 /* Base */,
			);
			name = LaunchScreen.storyboard;
			sourceTree = "<group>";
		};
/* End PBXVariantGroup section */

/* Begin XCBuildConfiguration section */
		8CFEC6A51C83B77500C07B76 /* Debug */ = {
			isa = XCBuildConfiguration;
			buildSettings = {
				ALWAYS_SEARCH_USER_PATHS = NO;
				CLANG_CXX_LANGUAGE_STANDARD = "gnu++0x";
				CLANG_CXX_LIBRARY = "libc++";
				CLANG_ENABLE_MODULES = YES;
				CLANG_ENABLE_OBJC_ARC = YES;
				CLANG_WARN_BOOL_CONVERSION = YES;
				CLANG_WARN_CONSTANT_CONVERSION = YES;
				CLANG_WARN_DIRECT_OBJC_ISA_USAGE = YES_ERROR;
				CLANG_WARN_EMPTY_BODY = YES;
				CLANG_WARN_ENUM_CONVERSION = YES;
				CLANG_WARN_INT_CONVERSION = YES;
				CLANG_WARN_OBJC_ROOT_CLASS = YES_ERROR;
				CLANG_WARN_UNREACHABLE_CODE = YES;
				CLANG_WARN__DUPLICATE_METHOD_MATCH = YES;
				CODE_SIGN_IDENTITY = edu.bowdoin.shuttleapp;
				"CODE_SIGN_IDENTITY[sdk=iphoneos*]" = edu.bowdoin.shuttleapp;
				COPY_PHASE_STRIP = NO;
				DEBUG_INFORMATION_FORMAT = dwarf;
				ENABLE_STRICT_OBJC_MSGSEND = YES;
				ENABLE_TESTABILITY = YES;
				GCC_C_LANGUAGE_STANDARD = gnu99;
				GCC_DYNAMIC_NO_PIC = NO;
				GCC_NO_COMMON_BLOCKS = YES;
				GCC_OPTIMIZATION_LEVEL = 0;
				GCC_PREPROCESSOR_DEFINITIONS = (
					"DEBUG=1",
					"$(inherited)",
				);
				GCC_WARN_64_TO_32_BIT_CONVERSION = YES;
				GCC_WARN_ABOUT_RETURN_TYPE = YES_ERROR;
				GCC_WARN_UNDECLARED_SELECTOR = YES;
				GCC_WARN_UNINITIALIZED_AUTOS = YES_AGGRESSIVE;
				GCC_WARN_UNUSED_FUNCTION = YES;
				GCC_WARN_UNUSED_VARIABLE = YES;
				IPHONEOS_DEPLOYMENT_TARGET = 9.2;
				MTL_ENABLE_DEBUG_INFO = YES;
				ONLY_ACTIVE_ARCH = YES;
				PRODUCT_BUNDLE_IDENTIFIER = edu.bowdoin.shuttleapp;
				SDKROOT = iphoneos;
				SWIFT_OPTIMIZATION_LEVEL = "-Onone";
				TARGETED_DEVICE_FAMILY = "1,2";
			};
			name = Debug;
		};
		8CFEC6A61C83B77500C07B76 /* Release */ = {
			isa = XCBuildConfiguration;
			buildSettings = {
				ALWAYS_SEARCH_USER_PATHS = NO;
				CLANG_CXX_LANGUAGE_STANDARD = "gnu++0x";
				CLANG_CXX_LIBRARY = "libc++";
				CLANG_ENABLE_MODULES = YES;
				CLANG_ENABLE_OBJC_ARC = YES;
				CLANG_WARN_BOOL_CONVERSION = YES;
				CLANG_WARN_CONSTANT_CONVERSION = YES;
				CLANG_WARN_DIRECT_OBJC_ISA_USAGE = YES_ERROR;
				CLANG_WARN_EMPTY_BODY = YES;
				CLANG_WARN_ENUM_CONVERSION = YES;
				CLANG_WARN_INT_CONVERSION = YES;
				CLANG_WARN_OBJC_ROOT_CLASS = YES_ERROR;
				CLANG_WARN_UNREACHABLE_CODE = YES;
				CLANG_WARN__DUPLICATE_METHOD_MATCH = YES;
				CODE_SIGN_IDENTITY = edu.bowdoin.shuttleapp;
				"CODE_SIGN_IDENTITY[sdk=iphoneos*]" = edu.bowdoin.shuttleapp;
				COPY_PHASE_STRIP = NO;
				DEBUG_INFORMATION_FORMAT = "dwarf-with-dsym";
				ENABLE_NS_ASSERTIONS = NO;
				ENABLE_STRICT_OBJC_MSGSEND = YES;
				GCC_C_LANGUAGE_STANDARD = gnu99;
				GCC_NO_COMMON_BLOCKS = YES;
				GCC_WARN_64_TO_32_BIT_CONVERSION = YES;
				GCC_WARN_ABOUT_RETURN_TYPE = YES_ERROR;
				GCC_WARN_UNDECLARED_SELECTOR = YES;
				GCC_WARN_UNINITIALIZED_AUTOS = YES_AGGRESSIVE;
				GCC_WARN_UNUSED_FUNCTION = YES;
				GCC_WARN_UNUSED_VARIABLE = YES;
				IPHONEOS_DEPLOYMENT_TARGET = 9.2;
				MTL_ENABLE_DEBUG_INFO = NO;
				PRODUCT_BUNDLE_IDENTIFIER = edu.bowdoin.shuttleapp;
				SDKROOT = iphoneos;
				TARGETED_DEVICE_FAMILY = "1,2";
				VALIDATE_PRODUCT = YES;
			};
			name = Release;
		};
		8CFEC6A81C83B77500C07B76 /* Debug */ = {
			isa = XCBuildConfiguration;
			buildSettings = {
				ASSETCATALOG_COMPILER_APPICON_NAME = AppIcon;
				CLANG_ENABLE_MODULES = YES;
				CODE_SIGN_IDENTITY = "iPhone Developer";
				"CODE_SIGN_IDENTITY[sdk=iphoneos*]" = "iPhone Developer";
				FRAMEWORK_SEARCH_PATHS = (
					"$(inherited)",
					"$(PROJECT_DIR)/Shuttle_Application",
					"$(USER_LIBRARY_DIR)/Frameworks/parse-library-1.12.0",
				);
				INFOPLIST_FILE = Shuttle_Application/Info.plist;
				LD_RUNPATH_SEARCH_PATHS = "$(inherited) @executable_path/Frameworks";
				PRODUCT_BUNDLE_IDENTIFIER = edu.bowdoin.shuttleapp;
				PRODUCT_NAME = "$(TARGET_NAME)";
				PROVISIONING_PROFILE = "";
				SWIFT_OBJC_BRIDGING_HEADER = "Shuttle_Application/Shuttle_Application-Bridging-Header.h";
				SWIFT_OPTIMIZATION_LEVEL = "-Onone";
			};
			name = Debug;
		};
		8CFEC6A91C83B77500C07B76 /* Release */ = {
			isa = XCBuildConfiguration;
			buildSettings = {
				ASSETCATALOG_COMPILER_APPICON_NAME = AppIcon;
				CLANG_ENABLE_MODULES = YES;
				CODE_SIGN_IDENTITY = "iPhone Developer";
				"CODE_SIGN_IDENTITY[sdk=iphoneos*]" = "iPhone Developer";
				FRAMEWORK_SEARCH_PATHS = (
					"$(inherited)",
					"$(PROJECT_DIR)/Shuttle_Application",
					"$(USER_LIBRARY_DIR)/Frameworks/parse-library-1.12.0",
				);
				INFOPLIST_FILE = Shuttle_Application/Info.plist;
				LD_RUNPATH_SEARCH_PATHS = "$(inherited) @executable_path/Frameworks";
				PRODUCT_BUNDLE_IDENTIFIER = edu.bowdoin.shuttleapp;
				PRODUCT_NAME = "$(TARGET_NAME)";
				PROVISIONING_PROFILE = "";
				SWIFT_OBJC_BRIDGING_HEADER = "Shuttle_Application/Shuttle_Application-Bridging-Header.h";
			};
			name = Release;
		};
		8CFEC6AB1C83B77500C07B76 /* Debug */ = {
			isa = XCBuildConfiguration;
			buildSettings = {
				BUNDLE_LOADER = "$(TEST_HOST)";
				INFOPLIST_FILE = Shuttle_ApplicationTests/Info.plist;
				LD_RUNPATH_SEARCH_PATHS = "$(inherited) @executable_path/Frameworks @loader_path/Frameworks";
				PRODUCT_BUNDLE_IDENTIFIER = "edu.bowdoin.Lu.Chris.Shuttle-ApplicationTests";
				PRODUCT_NAME = "$(TARGET_NAME)";
				TEST_HOST = "$(BUILT_PRODUCTS_DIR)/Shuttle_Application.app/Shuttle_Application";
			};
			name = Debug;
		};
		8CFEC6AC1C83B77500C07B76 /* Release */ = {
			isa = XCBuildConfiguration;
			buildSettings = {
				BUNDLE_LOADER = "$(TEST_HOST)";
				INFOPLIST_FILE = Shuttle_ApplicationTests/Info.plist;
				LD_RUNPATH_SEARCH_PATHS = "$(inherited) @executable_path/Frameworks @loader_path/Frameworks";
				PRODUCT_BUNDLE_IDENTIFIER = "edu.bowdoin.Lu.Chris.Shuttle-ApplicationTests";
				PRODUCT_NAME = "$(TARGET_NAME)";
				TEST_HOST = "$(BUILT_PRODUCTS_DIR)/Shuttle_Application.app/Shuttle_Application";
			};
			name = Release;
		};
		8CFEC6AE1C83B77500C07B76 /* Debug */ = {
			isa = XCBuildConfiguration;
			buildSettings = {
				INFOPLIST_FILE = Shuttle_ApplicationUITests/Info.plist;
				LD_RUNPATH_SEARCH_PATHS = "$(inherited) @executable_path/Frameworks @loader_path/Frameworks";
				PRODUCT_BUNDLE_IDENTIFIER = "edu.bowdoin.Lu.Chris.Shuttle-ApplicationUITests";
				PRODUCT_NAME = "$(TARGET_NAME)";
				TEST_TARGET_NAME = Shuttle_Application;
				USES_XCTRUNNER = YES;
			};
			name = Debug;
		};
		8CFEC6AF1C83B77500C07B76 /* Release */ = {
			isa = XCBuildConfiguration;
			buildSettings = {
				INFOPLIST_FILE = Shuttle_ApplicationUITests/Info.plist;
				LD_RUNPATH_SEARCH_PATHS = "$(inherited) @executable_path/Frameworks @loader_path/Frameworks";
				PRODUCT_BUNDLE_IDENTIFIER = "edu.bowdoin.Lu.Chris.Shuttle-ApplicationUITests";
				PRODUCT_NAME = "$(TARGET_NAME)";
				TEST_TARGET_NAME = Shuttle_Application;
				USES_XCTRUNNER = YES;
			};
			name = Release;
		};
/* End XCBuildConfiguration section */

/* Begin XCConfigurationList section */
		8CFEC67A1C83B77200C07B76 /* Build configuration list for PBXProject "Shuttle_Application" */ = {
			isa = XCConfigurationList;
			buildConfigurations = (
				8CFEC6A51C83B77500C07B76 /* Debug */,
				8CFEC6A61C83B77500C07B76 /* Release */,
			);
			defaultConfigurationIsVisible = 0;
			defaultConfigurationName = Release;
		};
		8CFEC6A71C83B77500C07B76 /* Build configuration list for PBXNativeTarget "Shuttle_Application" */ = {
			isa = XCConfigurationList;
			buildConfigurations = (
				8CFEC6A81C83B77500C07B76 /* Debug */,
				8CFEC6A91C83B77500C07B76 /* Release */,
			);
			defaultConfigurationIsVisible = 0;
			defaultConfigurationName = Release;
		};
		8CFEC6AA1C83B77500C07B76 /* Build configuration list for PBXNativeTarget "Shuttle_ApplicationTests" */ = {
			isa = XCConfigurationList;
			buildConfigurations = (
				8CFEC6AB1C83B77500C07B76 /* Debug */,
				8CFEC6AC1C83B77500C07B76 /* Release */,
			);
			defaultConfigurationIsVisible = 0;
			defaultConfigurationName = Release;
		};
		8CFEC6AD1C83B77500C07B76 /* Build configuration list for PBXNativeTarget "Shuttle_ApplicationUITests" */ = {
			isa = XCConfigurationList;
			buildConfigurations = (
				8CFEC6AE1C83B77500C07B76 /* Debug */,
				8CFEC6AF1C83B77500C07B76 /* Release */,
			);
			defaultConfigurationIsVisible = 0;
			defaultConfigurationName = Release;
		};
/* End XCConfigurationList section */
	};
	rootObject = 8CFEC6771C83B77200C07B76 /* Project object */;
}
